
Microsoft Visual Studio Solution File, Format Version 12.00
# Visual Studio Version 17
VisualStudioVersion = 17.1.32228.430
MinimumVisualStudioVersion = 10.0.40219.1
Project("{9A19103F-16F7-4668-BE54-9A1E7A4F7556}") = "OneCs", "OneCs\OneCs.csproj", "{9404A7ED-B722-4962-BE9D-79739BCCEF92}"
EndProject
Project("{9A19103F-16F7-4668-BE54-9A1E7A4F7556}") = "RecordProject", "RecordProject\RecordProject.csproj", "{E7B78DCA-BE31-4F15-9CEE-4BF7E8FC5840}"
EndProject
Project("{2150E333-8FDC-42A3-9474-1A3956D46DE8}") = "Session07", "Session07", "{A862D3E6-6C0D-4AFE-8C28-44544C64EC0B}"
EndProject
Project("{9A19103F-16F7-4668-BE54-9A1E7A4F7556}") = "StructProject", "StructProject\StructProject.csproj", "{561F039A-0091-449F-959A-AD011B912C22}"
EndProject
Project("{9A19103F-16F7-4668-BE54-9A1E7A4F7556}") = "RefAndOutAndIn", "RefAndOutAndIn\RefAndOutAndIn.csproj", "{930B73FB-2DA5-41E1-AF82-618D8DE3EEB1}"
EndProject
Project("{9A19103F-16F7-4668-BE54-9A1E7A4F7556}") = "TupleProject", "TupleProject\TupleProject.csproj", "{563578C2-4FE5-4569-9154-19C437EF61D1}"
EndProject
Project("{2150E333-8FDC-42A3-9474-1A3956D46DE8}") = "Session08", "Session08", "{63491EE0-A35F-46BA-B5C8-6FA986E32785}"
EndProject
Project("{9A19103F-16F7-4668-BE54-9A1E7A4F7556}") = "OOPProject", "OOPProject\OOPProject.csproj", "{E69566EA-3CCC-4AD0-88AF-28D9DE06EDD7}"
EndProject
Project("{9A19103F-16F7-4668-BE54-9A1E7A4F7556}") = "ConstructorProject", "ConstructorProject\ConstructorProject.csproj", "{1E3CFEFF-6E8C-430F-BEBE-4254ED08706C}"
EndProject
Project("{9A19103F-16F7-4668-BE54-9A1E7A4F7556}") = "Modifiers", "Modifiers\Modifiers.csproj", "{4A1FAD51-C127-466A-B2B9-6AC441E54938}"
EndProject
Project("{9A19103F-16F7-4668-BE54-9A1E7A4F7556}") = "InterfaceProject", "InterfaceProject\InterfaceProject.csproj", "{BC926ED4-DB64-422A-9379-E38CB745471E}"
EndProject
Project("{9A19103F-16F7-4668-BE54-9A1E7A4F7556}") = "ExplicitInterfaceMethod", "ExplicitInterfaceMethod\ExplicitInterfaceMethod.csproj", "{9883B3D9-F843-42CD-B246-1DD0E79379C7}"
EndProject
Project("{2150E333-8FDC-42A3-9474-1A3956D46DE8}") = "Session09", "Session09", "{24E0F03D-E5CD-4714-B323-88EE9661D2C4}"
EndProject
Project("{9A19103F-16F7-4668-BE54-9A1E7A4F7556}") = "OperatorsProject", "OperatorsProject\OperatorsProject.csproj", "{4E61F278-ECA9-43C4-A5CD-9DDAD50B858B}"
EndProject
Project("{9A19103F-16F7-4668-BE54-9A1E7A4F7556}") = "OperatorOverloadingProject", "OperatorOverloadingProject\OperatorOverloadingProject.csproj", "{8739B651-41A6-4949-8219-31F312476C94}"
EndProject
Project("{9A19103F-16F7-4668-BE54-9A1E7A4F7556}") = "UserDefinedConversionsProject", "UserDefinedConversionsProject\UserDefinedConversionsProject.csproj", "{01C53F87-B435-47BE-BF34-85780221B914}"
EndProject
Project("{2150E333-8FDC-42A3-9474-1A3956D46DE8}") = "Session10", "Session10", "{07889ED8-94D0-47B4-A855-48A82A2FA6C7}"
EndProject
Project("{9A19103F-16F7-4668-BE54-9A1E7A4F7556}") = "ArrayPrject", "ArrayPrject\ArrayPrject.csproj", "{D14125A0-C80D-4DCC-8552-18FC6C81AF68}"
EndProject
Project("{9A19103F-16F7-4668-BE54-9A1E7A4F7556}") = "DelegateSample", "DelegateSample\DelegateSample.csproj", "{757CF799-DC7F-4052-95D8-069E42E4749D}"
EndProject
Project("{2150E333-8FDC-42A3-9474-1A3956D46DE8}") = "CSharp", "CSharp", "{60A4D560-D2A9-429F-807E-682F2C7FF050}"
EndProject
Project("{9A19103F-16F7-4668-BE54-9A1E7A4F7556}") = "FuncAndAction", "FuncAndAction\FuncAndAction.csproj", "{15BE27A3-0859-4F6B-B896-F709685A900D}"
EndProject
Project("{9A19103F-16F7-4668-BE54-9A1E7A4F7556}") = "Closure", "Closure\Closure.csproj", "{64B87D4A-7F01-4ACF-B2B9-DC1A73779F89}"
EndProject
Project("{9A19103F-16F7-4668-BE54-9A1E7A4F7556}") = "EventProject", "EventProject\EventProject.csproj", "{B02D0807-0DA5-4817-9F0D-0F58ABDB8F11}"
EndProject
Project("{2150E333-8FDC-42A3-9474-1A3956D46DE8}") = "Session11", "Session11", "{95399525-EA50-44AE-8DB0-64B07A36156E}"
EndProject
Project("{9A19103F-16F7-4668-BE54-9A1E7A4F7556}") = "Collections", "Collections\Collections.csproj", "{D047AD2C-0D76-4FF0-A328-58B063475997}"
EndProject
Project("{2150E333-8FDC-42A3-9474-1A3956D46DE8}") = "Session12", "Session12", "{9FC24311-FE76-4017-8652-BAC715CACD39}"
EndProject
Project("{9A19103F-16F7-4668-BE54-9A1E7A4F7556}") = "LinqProject", "LinqProject\LinqProject.csproj", "{EAB3C804-5E4C-47D7-BCA0-00422C328092}"
EndProject
Project("{2150E333-8FDC-42A3-9474-1A3956D46DE8}") = "Session13", "Session13", "{0561FFD9-4AEA-4626-9B68-58558AB5077F}"
EndProject
Project("{2150E333-8FDC-42A3-9474-1A3956D46DE8}") = "CSharp-Corner", "CSharp-Corner", "{AEB50D77-5F3C-48F3-A874-AD81C4285616}"
EndProject
Project("{9A19103F-16F7-4668-BE54-9A1E7A4F7556}") = "InterviewQuestions", "InterviewQuestions\InterviewQuestions.csproj", "{C62DD687-35DA-49C2-8ADE-E7E51803191A}"
EndProject
Project("{9A19103F-16F7-4668-BE54-9A1E7A4F7556}") = "AttributeConsole", "AttributeConsole\AttributeConsole.csproj", "{95AE288D-0158-4EC2-9CCD-43733B5F0499}"
EndProject
Project("{9A19103F-16F7-4668-BE54-9A1E7A4F7556}") = "ReflecationConsoleSample", "ReflecationConsoleSample\ReflecationConsoleSample.csproj", "{8F5E77E4-F26B-496B-8E62-01D75C135AB2}"
EndProject
Project("{2150E333-8FDC-42A3-9474-1A3956D46DE8}") = "Nikamooz", "Nikamooz", "{A245AE21-DAEC-4F6B-A8BE-FF1EAB1C7E1D}"
EndProject
Project("{2150E333-8FDC-42A3-9474-1A3956D46DE8}") = "Design Patterns", "Design Patterns", "{FF329A2E-1C64-4BF1-BCDE-D58F8A379C6C}"
EndProject
Project("{2150E333-8FDC-42A3-9474-1A3956D46DE8}") = "CreationalPatterns", "CreationalPatterns", "{9BD2D54E-948D-4A0D-9415-BA823444E586}"
EndProject
Project("{2150E333-8FDC-42A3-9474-1A3956D46DE8}") = "Session14", "Session14", "{03FFF94E-80ED-4647-B0E6-DF535CB48455}"
	ProjectSection(SolutionItems) = preProject
		Definitions.txt = Definitions.txt
	EndProjectSection
EndProject
Project("{9A19103F-16F7-4668-BE54-9A1E7A4F7556}") = "AdoSample", "AdoSample\AdoSample.csproj", "{1F5B9204-39D5-42FB-B06D-F052141BFF9A}"
EndProject
Project("{2150E333-8FDC-42A3-9474-1A3956D46DE8}") = "Session15", "Session15", "{E412C2AB-FF16-446F-8E88-4BCE52843137}"
EndProject
Project("{9A19103F-16F7-4668-BE54-9A1E7A4F7556}") = "TaskAndConcurrencySampleProject", "TaskAndCuncurrencySampleProject\TaskAndConcurrencySampleProject.csproj", "{3E816E5C-7DF8-4C41-AE8D-8B4FCE2C4B54}"
EndProject
Project("{2150E333-8FDC-42A3-9474-1A3956D46DE8}") = "Session16", "Session16", "{DDED32F5-F537-4382-8C66-B460A380CB12}"
EndProject
Project("{9A19103F-16F7-4668-BE54-9A1E7A4F7556}") = "AsyncProject", "AsyncProject\AsyncProject.csproj", "{47AA9907-DF5F-4B7E-B8AA-BF4B56B46DE5}"
EndProject
Project("{2150E333-8FDC-42A3-9474-1A3956D46DE8}") = "EFCore", "EFCore", "{09AD677E-AFF5-4A6E-BF58-4B0ACCFB1FAB}"
EndProject
Project("{2150E333-8FDC-42A3-9474-1A3956D46DE8}") = "Session17", "Session17", "{59954D86-7240-4543-AA8D-9D3D6B16A7FD}"
EndProject
Project("{9A19103F-16F7-4668-BE54-9A1E7A4F7556}") = "EfCoreStartSample", "EfCoreStartSample\EfCoreStartSample.csproj", "{6E58567E-C608-4C9E-B4FE-1E975200586C}"
EndProject
Project("{2150E333-8FDC-42A3-9474-1A3956D46DE8}") = "Session18", "Session18", "{F2594B21-7CC2-40C1-A90E-C28CFEB73A6E}"
EndProject
Project("{9A19103F-16F7-4668-BE54-9A1E7A4F7556}") = "EFCoreSession18", "EFCoreSession18\EFCoreSession18.csproj", "{DBEC4017-5713-44FA-86A9-D887CCDAF4BE}"
EndProject
Project("{2150E333-8FDC-42A3-9474-1A3956D46DE8}") = "Session19", "Session19", "{3579EB7C-1923-45F4-B308-1C3BB9F378CB}"
EndProject
Project("{2150E333-8FDC-42A3-9474-1A3956D46DE8}") = "Session20", "Session20", "{69A15C51-D200-4485-8B52-5FFCD238AB1A}"
EndProject
Project("{9A19103F-16F7-4668-BE54-9A1E7A4F7556}") = "SampleSession20", "SampleSession20\SampleSession20.csproj", "{D79E4324-85B0-4FC4-92D2-73F5145E2CE0}"
EndProject
Project("{2150E333-8FDC-42A3-9474-1A3956D46DE8}") = "Session21", "Session21", "{CD59C23C-C03F-4BA9-840D-9C9C2FAEC0AA}"
EndProject
Project("{9A19103F-16F7-4668-BE54-9A1E7A4F7556}") = "SampleEfConfiguration", "SampleEfConfiguration\SampleEfConfiguration.csproj", "{0DA98932-B53F-4823-A65C-12971C08FC37}"
EndProject
Project("{2150E333-8FDC-42A3-9474-1A3956D46DE8}") = "Session22", "Session22", "{652AC6CF-4A39-4335-9558-3061906CBC62}"
EndProject
Project("{9A19103F-16F7-4668-BE54-9A1E7A4F7556}") = "Ef.RealationConfigurationSample", "Ef.RealationConfigurationSample\Ef.RealationConfigurationSample.csproj", "{324E282C-9D37-426D-93B8-D6C75771818B}"
EndProject
Project("{2150E333-8FDC-42A3-9474-1A3956D46DE8}") = "Nutshel", "Nutshel", "{EEC606ED-1D01-4A12-82DC-A3DF47AEB1B8}"
EndProject
Project("{9A19103F-16F7-4668-BE54-9A1E7A4F7556}") = "NutshelBooK", "NutshelBool\NutshelBooK.csproj", "{66F7B3B0-EF23-4464-8C52-7FACA93D2C98}"
EndProject
Project("{2150E333-8FDC-42A3-9474-1A3956D46DE8}") = "Session23", "Session23", "{C2FDDC63-C13E-4390-ABCC-BFA289F8E712}"
EndProject
Project("{9A19103F-16F7-4668-BE54-9A1E7A4F7556}") = "EfAdvancedConfigurationSample", "EfAdvancedConfigurationSample\EfAdvancedConfigurationSample.csproj", "{481E12F7-139B-4E1E-95A2-34A3D1037093}"
EndProject
Project("{2150E333-8FDC-42A3-9474-1A3956D46DE8}") = "Session24", "Session24", "{CA29034A-26D3-4590-88C9-7110B05FC4D0}"
EndProject
Project("{9A19103F-16F7-4668-BE54-9A1E7A4F7556}") = "DbContextExample", "DbContextExample\DbContextExample.csproj", "{414E82B5-A4BC-41DD-85CA-3354F74810EE}"
EndProject
Project("{9A19103F-16F7-4668-BE54-9A1E7A4F7556}") = "MediatorDesignPattern", "MediatorDesignPattern\MediatorDesignPattern.csproj", "{94C596E7-93AF-49FE-8884-BF600F7A7E8D}"
EndProject
Project("{2150E333-8FDC-42A3-9474-1A3956D46DE8}") = "ExampleProject", "ExampleProject", "{3918E161-5E31-46A6-9881-C71C70F63F22}"
EndProject
Project("{2150E333-8FDC-42A3-9474-1A3956D46DE8}") = "Other", "Other", "{4FD7996A-3B2F-4D2D-818C-E17ABA352BC7}"
EndProject
Project("{9A19103F-16F7-4668-BE54-9A1E7A4F7556}") = "YoutubeLearn", "YoutubeLearn\YoutubeLearn.csproj", "{C2107348-95D6-4327-8F34-9BB6DED64D5D}"
EndProject
Project("{9A19103F-16F7-4668-BE54-9A1E7A4F7556}") = "Solid", "Solid\Solid.csproj", "{C88DD3E0-92D7-49CC-AE3E-3D0DD51C0E51}"
EndProject
Project("{9A19103F-16F7-4668-BE54-9A1E7A4F7556}") = "QueryGenereateProject", "QueryGenereateProject\QueryGenereateProject.csproj", "{E5BDA857-E699-4B7F-BF44-137713B9BC05}"
EndProject
Project("{9A19103F-16F7-4668-BE54-9A1E7A4F7556}") = "LinkedinLearn", "LinkedinLearn\LinkedinLearn.csproj", "{D6907026-2D3B-4EB6-ADAA-4C8C9BC01EFC}"
EndProject
Project("{9A19103F-16F7-4668-BE54-9A1E7A4F7556}") = "PostalTest", "PostalTest\PostalTest.csproj", "{B0D32168-300B-4629-8AB3-F9F49A41341E}"
EndProject
Project("{2150E333-8FDC-42A3-9474-1A3956D46DE8}") = "Session25", "Session25", "{606A80A5-9396-44D4-BA70-25E8C62B8844}"
EndProject
Project("{FAE04EC0-301F-11D3-BF4B-00C04F79EFBC}") = "MigrationExample", "MigrationExample\MigrationExample.csproj", "{90EB7615-4447-4755-AA57-75E94EAB810E}"
EndProject
Project("{2150E333-8FDC-42A3-9474-1A3956D46DE8}") = "Session26", "Session26", "{E6FFFCE2-A1FE-4B0E-BEFB-BDAD2527E5FA}"
EndProject
Project("{2150E333-8FDC-42A3-9474-1A3956D46DE8}") = "AspDotNet", "AspDotNet", "{3174AA22-0641-495F-A004-29E8589770B0}"
EndProject
Project("{2150E333-8FDC-42A3-9474-1A3956D46DE8}") = "Session29", "Session29", "{F920BB39-E5FD-40AB-AA11-A2CBDD691F31}"
EndProject
Project("{2150E333-8FDC-42A3-9474-1A3956D46DE8}") = "Session30", "Session30", "{1B7EB59A-F01B-4B8F-B6F7-248CEA5A392F}"
EndProject
Project("{FAE04EC0-301F-11D3-BF4B-00C04F79EFBC}") = "DiSample", "DiSample\DiSample.csproj", "{74C27597-9924-4A45-B5FB-CF8423985800}"
EndProject
Project("{FAE04EC0-301F-11D3-BF4B-00C04F79EFBC}") = "DotNetCoreSample", "DotNetCoreSample\DotNetCoreSample.csproj", "{DA03BEAB-075D-450F-99F4-8E717841C7C6}"
EndProject
Project("{2150E333-8FDC-42A3-9474-1A3956D46DE8}") = "CSharpPracrices", "CSharpPracrices", "{1E1B2C69-8139-453C-AC9B-D9375048BB46}"
EndProject
Project("{FAE04EC0-301F-11D3-BF4B-00C04F79EFBC}") = "SsharpBasic", "SsharpBasic\SsharpBasic.csproj", "{1BF85375-2784-4B22-8820-5097EC44FAAD}"
EndProject
Project("{2150E333-8FDC-42A3-9474-1A3956D46DE8}") = "gRPC", "gRPC", "{6780D760-71DA-441B-88B0-E6BFDC1C5B7D}"
EndProject
Project("{FAE04EC0-301F-11D3-BF4B-00C04F79EFBC}") = "GrpcService1", "GrpcService1\GrpcService1.csproj", "{BEDA8A67-53D5-43F2-AC34-A6C3BED85F59}"
EndProject
Global
	GlobalSection(SolutionConfigurationPlatforms) = preSolution
		Debug|Any CPU = Debug|Any CPU
		Release|Any CPU = Release|Any CPU
	EndGlobalSection
	GlobalSection(ProjectConfigurationPlatforms) = postSolution
		{9404A7ED-B722-4962-BE9D-79739BCCEF92}.Debug|Any CPU.ActiveCfg = Debug|Any CPU
		{9404A7ED-B722-4962-BE9D-79739BCCEF92}.Debug|Any CPU.Build.0 = Debug|Any CPU
		{9404A7ED-B722-4962-BE9D-79739BCCEF92}.Release|Any CPU.ActiveCfg = Release|Any CPU
		{9404A7ED-B722-4962-BE9D-79739BCCEF92}.Release|Any CPU.Build.0 = Release|Any CPU
		{E7B78DCA-BE31-4F15-9CEE-4BF7E8FC5840}.Debug|Any CPU.ActiveCfg = Debug|Any CPU
		{E7B78DCA-BE31-4F15-9CEE-4BF7E8FC5840}.Debug|Any CPU.Build.0 = Debug|Any CPU
		{E7B78DCA-BE31-4F15-9CEE-4BF7E8FC5840}.Release|Any CPU.ActiveCfg = Release|Any CPU
		{E7B78DCA-BE31-4F15-9CEE-4BF7E8FC5840}.Release|Any CPU.Build.0 = Release|Any CPU
		{561F039A-0091-449F-959A-AD011B912C22}.Debug|Any CPU.ActiveCfg = Debug|Any CPU
		{561F039A-0091-449F-959A-AD011B912C22}.Debug|Any CPU.Build.0 = Debug|Any CPU
		{561F039A-0091-449F-959A-AD011B912C22}.Release|Any CPU.ActiveCfg = Release|Any CPU
		{561F039A-0091-449F-959A-AD011B912C22}.Release|Any CPU.Build.0 = Release|Any CPU
		{930B73FB-2DA5-41E1-AF82-618D8DE3EEB1}.Debug|Any CPU.ActiveCfg = Debug|Any CPU
		{930B73FB-2DA5-41E1-AF82-618D8DE3EEB1}.Debug|Any CPU.Build.0 = Debug|Any CPU
		{930B73FB-2DA5-41E1-AF82-618D8DE3EEB1}.Release|Any CPU.ActiveCfg = Release|Any CPU
		{930B73FB-2DA5-41E1-AF82-618D8DE3EEB1}.Release|Any CPU.Build.0 = Release|Any CPU
		{563578C2-4FE5-4569-9154-19C437EF61D1}.Debug|Any CPU.ActiveCfg = Debug|Any CPU
		{563578C2-4FE5-4569-9154-19C437EF61D1}.Debug|Any CPU.Build.0 = Debug|Any CPU
		{563578C2-4FE5-4569-9154-19C437EF61D1}.Release|Any CPU.ActiveCfg = Release|Any CPU
		{563578C2-4FE5-4569-9154-19C437EF61D1}.Release|Any CPU.Build.0 = Release|Any CPU
		{E69566EA-3CCC-4AD0-88AF-28D9DE06EDD7}.Debug|Any CPU.ActiveCfg = Debug|Any CPU
		{E69566EA-3CCC-4AD0-88AF-28D9DE06EDD7}.Debug|Any CPU.Build.0 = Debug|Any CPU
		{E69566EA-3CCC-4AD0-88AF-28D9DE06EDD7}.Release|Any CPU.ActiveCfg = Release|Any CPU
		{E69566EA-3CCC-4AD0-88AF-28D9DE06EDD7}.Release|Any CPU.Build.0 = Release|Any CPU
		{1E3CFEFF-6E8C-430F-BEBE-4254ED08706C}.Debug|Any CPU.ActiveCfg = Debug|Any CPU
		{1E3CFEFF-6E8C-430F-BEBE-4254ED08706C}.Debug|Any CPU.Build.0 = Debug|Any CPU
		{1E3CFEFF-6E8C-430F-BEBE-4254ED08706C}.Release|Any CPU.ActiveCfg = Release|Any CPU
		{1E3CFEFF-6E8C-430F-BEBE-4254ED08706C}.Release|Any CPU.Build.0 = Release|Any CPU
		{4A1FAD51-C127-466A-B2B9-6AC441E54938}.Debug|Any CPU.ActiveCfg = Debug|Any CPU
		{4A1FAD51-C127-466A-B2B9-6AC441E54938}.Debug|Any CPU.Build.0 = Debug|Any CPU
		{4A1FAD51-C127-466A-B2B9-6AC441E54938}.Release|Any CPU.ActiveCfg = Release|Any CPU
		{4A1FAD51-C127-466A-B2B9-6AC441E54938}.Release|Any CPU.Build.0 = Release|Any CPU
		{BC926ED4-DB64-422A-9379-E38CB745471E}.Debug|Any CPU.ActiveCfg = Debug|Any CPU
		{BC926ED4-DB64-422A-9379-E38CB745471E}.Debug|Any CPU.Build.0 = Debug|Any CPU
		{BC926ED4-DB64-422A-9379-E38CB745471E}.Release|Any CPU.ActiveCfg = Release|Any CPU
		{BC926ED4-DB64-422A-9379-E38CB745471E}.Release|Any CPU.Build.0 = Release|Any CPU
		{9883B3D9-F843-42CD-B246-1DD0E79379C7}.Debug|Any CPU.ActiveCfg = Debug|Any CPU
		{9883B3D9-F843-42CD-B246-1DD0E79379C7}.Debug|Any CPU.Build.0 = Debug|Any CPU
		{9883B3D9-F843-42CD-B246-1DD0E79379C7}.Release|Any CPU.ActiveCfg = Release|Any CPU
		{9883B3D9-F843-42CD-B246-1DD0E79379C7}.Release|Any CPU.Build.0 = Release|Any CPU
		{4E61F278-ECA9-43C4-A5CD-9DDAD50B858B}.Debug|Any CPU.ActiveCfg = Debug|Any CPU
		{4E61F278-ECA9-43C4-A5CD-9DDAD50B858B}.Debug|Any CPU.Build.0 = Debug|Any CPU
		{4E61F278-ECA9-43C4-A5CD-9DDAD50B858B}.Release|Any CPU.ActiveCfg = Release|Any CPU
		{4E61F278-ECA9-43C4-A5CD-9DDAD50B858B}.Release|Any CPU.Build.0 = Release|Any CPU
		{8739B651-41A6-4949-8219-31F312476C94}.Debug|Any CPU.ActiveCfg = Debug|Any CPU
		{8739B651-41A6-4949-8219-31F312476C94}.Debug|Any CPU.Build.0 = Debug|Any CPU
		{8739B651-41A6-4949-8219-31F312476C94}.Release|Any CPU.ActiveCfg = Release|Any CPU
		{8739B651-41A6-4949-8219-31F312476C94}.Release|Any CPU.Build.0 = Release|Any CPU
		{01C53F87-B435-47BE-BF34-85780221B914}.Debug|Any CPU.ActiveCfg = Debug|Any CPU
		{01C53F87-B435-47BE-BF34-85780221B914}.Debug|Any CPU.Build.0 = Debug|Any CPU
		{01C53F87-B435-47BE-BF34-85780221B914}.Release|Any CPU.ActiveCfg = Release|Any CPU
		{01C53F87-B435-47BE-BF34-85780221B914}.Release|Any CPU.Build.0 = Release|Any CPU
		{D14125A0-C80D-4DCC-8552-18FC6C81AF68}.Debug|Any CPU.ActiveCfg = Debug|Any CPU
		{D14125A0-C80D-4DCC-8552-18FC6C81AF68}.Debug|Any CPU.Build.0 = Debug|Any CPU
		{D14125A0-C80D-4DCC-8552-18FC6C81AF68}.Release|Any CPU.ActiveCfg = Release|Any CPU
		{D14125A0-C80D-4DCC-8552-18FC6C81AF68}.Release|Any CPU.Build.0 = Release|Any CPU
		{757CF799-DC7F-4052-95D8-069E42E4749D}.Debug|Any CPU.ActiveCfg = Debug|Any CPU
		{757CF799-DC7F-4052-95D8-069E42E4749D}.Debug|Any CPU.Build.0 = Debug|Any CPU
		{757CF799-DC7F-4052-95D8-069E42E4749D}.Release|Any CPU.ActiveCfg = Release|Any CPU
		{757CF799-DC7F-4052-95D8-069E42E4749D}.Release|Any CPU.Build.0 = Release|Any CPU
		{15BE27A3-0859-4F6B-B896-F709685A900D}.Debug|Any CPU.ActiveCfg = Debug|Any CPU
		{15BE27A3-0859-4F6B-B896-F709685A900D}.Debug|Any CPU.Build.0 = Debug|Any CPU
		{15BE27A3-0859-4F6B-B896-F709685A900D}.Release|Any CPU.ActiveCfg = Release|Any CPU
		{15BE27A3-0859-4F6B-B896-F709685A900D}.Release|Any CPU.Build.0 = Release|Any CPU
		{64B87D4A-7F01-4ACF-B2B9-DC1A73779F89}.Debug|Any CPU.ActiveCfg = Debug|Any CPU
		{64B87D4A-7F01-4ACF-B2B9-DC1A73779F89}.Debug|Any CPU.Build.0 = Debug|Any CPU
		{64B87D4A-7F01-4ACF-B2B9-DC1A73779F89}.Release|Any CPU.ActiveCfg = Release|Any CPU
		{64B87D4A-7F01-4ACF-B2B9-DC1A73779F89}.Release|Any CPU.Build.0 = Release|Any CPU
		{B02D0807-0DA5-4817-9F0D-0F58ABDB8F11}.Debug|Any CPU.ActiveCfg = Debug|Any CPU
		{B02D0807-0DA5-4817-9F0D-0F58ABDB8F11}.Debug|Any CPU.Build.0 = Debug|Any CPU
		{B02D0807-0DA5-4817-9F0D-0F58ABDB8F11}.Release|Any CPU.ActiveCfg = Release|Any CPU
		{B02D0807-0DA5-4817-9F0D-0F58ABDB8F11}.Release|Any CPU.Build.0 = Release|Any CPU
		{D047AD2C-0D76-4FF0-A328-58B063475997}.Debug|Any CPU.ActiveCfg = Debug|Any CPU
		{D047AD2C-0D76-4FF0-A328-58B063475997}.Debug|Any CPU.Build.0 = Debug|Any CPU
		{D047AD2C-0D76-4FF0-A328-58B063475997}.Release|Any CPU.ActiveCfg = Release|Any CPU
		{D047AD2C-0D76-4FF0-A328-58B063475997}.Release|Any CPU.Build.0 = Release|Any CPU
		{EAB3C804-5E4C-47D7-BCA0-00422C328092}.Debug|Any CPU.ActiveCfg = Debug|Any CPU
		{EAB3C804-5E4C-47D7-BCA0-00422C328092}.Debug|Any CPU.Build.0 = Debug|Any CPU
		{EAB3C804-5E4C-47D7-BCA0-00422C328092}.Release|Any CPU.ActiveCfg = Release|Any CPU
		{EAB3C804-5E4C-47D7-BCA0-00422C328092}.Release|Any CPU.Build.0 = Release|Any CPU
		{C62DD687-35DA-49C2-8ADE-E7E51803191A}.Debug|Any CPU.ActiveCfg = Debug|Any CPU
		{C62DD687-35DA-49C2-8ADE-E7E51803191A}.Debug|Any CPU.Build.0 = Debug|Any CPU
		{C62DD687-35DA-49C2-8ADE-E7E51803191A}.Release|Any CPU.ActiveCfg = Release|Any CPU
		{C62DD687-35DA-49C2-8ADE-E7E51803191A}.Release|Any CPU.Build.0 = Release|Any CPU
		{95AE288D-0158-4EC2-9CCD-43733B5F0499}.Debug|Any CPU.ActiveCfg = Debug|Any CPU
		{95AE288D-0158-4EC2-9CCD-43733B5F0499}.Debug|Any CPU.Build.0 = Debug|Any CPU
		{95AE288D-0158-4EC2-9CCD-43733B5F0499}.Release|Any CPU.ActiveCfg = Release|Any CPU
		{95AE288D-0158-4EC2-9CCD-43733B5F0499}.Release|Any CPU.Build.0 = Release|Any CPU
		{8F5E77E4-F26B-496B-8E62-01D75C135AB2}.Debug|Any CPU.ActiveCfg = Debug|Any CPU
		{8F5E77E4-F26B-496B-8E62-01D75C135AB2}.Debug|Any CPU.Build.0 = Debug|Any CPU
		{8F5E77E4-F26B-496B-8E62-01D75C135AB2}.Release|Any CPU.ActiveCfg = Release|Any CPU
		{8F5E77E4-F26B-496B-8E62-01D75C135AB2}.Release|Any CPU.Build.0 = Release|Any CPU
		{1F5B9204-39D5-42FB-B06D-F052141BFF9A}.Debug|Any CPU.ActiveCfg = Debug|Any CPU
		{1F5B9204-39D5-42FB-B06D-F052141BFF9A}.Debug|Any CPU.Build.0 = Debug|Any CPU
		{1F5B9204-39D5-42FB-B06D-F052141BFF9A}.Release|Any CPU.ActiveCfg = Release|Any CPU
		{1F5B9204-39D5-42FB-B06D-F052141BFF9A}.Release|Any CPU.Build.0 = Release|Any CPU
		{3E816E5C-7DF8-4C41-AE8D-8B4FCE2C4B54}.Debug|Any CPU.ActiveCfg = Debug|Any CPU
		{3E816E5C-7DF8-4C41-AE8D-8B4FCE2C4B54}.Debug|Any CPU.Build.0 = Debug|Any CPU
		{3E816E5C-7DF8-4C41-AE8D-8B4FCE2C4B54}.Release|Any CPU.ActiveCfg = Release|Any CPU
		{3E816E5C-7DF8-4C41-AE8D-8B4FCE2C4B54}.Release|Any CPU.Build.0 = Release|Any CPU
		{47AA9907-DF5F-4B7E-B8AA-BF4B56B46DE5}.Debug|Any CPU.ActiveCfg = Debug|Any CPU
		{47AA9907-DF5F-4B7E-B8AA-BF4B56B46DE5}.Debug|Any CPU.Build.0 = Debug|Any CPU
		{47AA9907-DF5F-4B7E-B8AA-BF4B56B46DE5}.Release|Any CPU.ActiveCfg = Release|Any CPU
		{47AA9907-DF5F-4B7E-B8AA-BF4B56B46DE5}.Release|Any CPU.Build.0 = Release|Any CPU
		{6E58567E-C608-4C9E-B4FE-1E975200586C}.Debug|Any CPU.ActiveCfg = Debug|Any CPU
		{6E58567E-C608-4C9E-B4FE-1E975200586C}.Debug|Any CPU.Build.0 = Debug|Any CPU
		{6E58567E-C608-4C9E-B4FE-1E975200586C}.Release|Any CPU.ActiveCfg = Release|Any CPU
		{6E58567E-C608-4C9E-B4FE-1E975200586C}.Release|Any CPU.Build.0 = Release|Any CPU
		{DBEC4017-5713-44FA-86A9-D887CCDAF4BE}.Debug|Any CPU.ActiveCfg = Debug|Any CPU
		{DBEC4017-5713-44FA-86A9-D887CCDAF4BE}.Debug|Any CPU.Build.0 = Debug|Any CPU
		{DBEC4017-5713-44FA-86A9-D887CCDAF4BE}.Release|Any CPU.ActiveCfg = Release|Any CPU
		{DBEC4017-5713-44FA-86A9-D887CCDAF4BE}.Release|Any CPU.Build.0 = Release|Any CPU
		{D79E4324-85B0-4FC4-92D2-73F5145E2CE0}.Debug|Any CPU.ActiveCfg = Debug|Any CPU
		{D79E4324-85B0-4FC4-92D2-73F5145E2CE0}.Debug|Any CPU.Build.0 = Debug|Any CPU
		{D79E4324-85B0-4FC4-92D2-73F5145E2CE0}.Release|Any CPU.ActiveCfg = Release|Any CPU
		{D79E4324-85B0-4FC4-92D2-73F5145E2CE0}.Release|Any CPU.Build.0 = Release|Any CPU
		{0DA98932-B53F-4823-A65C-12971C08FC37}.Debug|Any CPU.ActiveCfg = Debug|Any CPU
		{0DA98932-B53F-4823-A65C-12971C08FC37}.Debug|Any CPU.Build.0 = Debug|Any CPU
		{0DA98932-B53F-4823-A65C-12971C08FC37}.Release|Any CPU.ActiveCfg = Release|Any CPU
		{0DA98932-B53F-4823-A65C-12971C08FC37}.Release|Any CPU.Build.0 = Release|Any CPU
		{324E282C-9D37-426D-93B8-D6C75771818B}.Debug|Any CPU.ActiveCfg = Debug|Any CPU
		{324E282C-9D37-426D-93B8-D6C75771818B}.Debug|Any CPU.Build.0 = Debug|Any CPU
		{324E282C-9D37-426D-93B8-D6C75771818B}.Release|Any CPU.ActiveCfg = Release|Any CPU
		{324E282C-9D37-426D-93B8-D6C75771818B}.Release|Any CPU.Build.0 = Release|Any CPU
		{66F7B3B0-EF23-4464-8C52-7FACA93D2C98}.Debug|Any CPU.ActiveCfg = Debug|Any CPU
		{66F7B3B0-EF23-4464-8C52-7FACA93D2C98}.Debug|Any CPU.Build.0 = Debug|Any CPU
		{66F7B3B0-EF23-4464-8C52-7FACA93D2C98}.Release|Any CPU.ActiveCfg = Release|Any CPU
		{66F7B3B0-EF23-4464-8C52-7FACA93D2C98}.Release|Any CPU.Build.0 = Release|Any CPU
		{481E12F7-139B-4E1E-95A2-34A3D1037093}.Debug|Any CPU.ActiveCfg = Debug|Any CPU
		{481E12F7-139B-4E1E-95A2-34A3D1037093}.Debug|Any CPU.Build.0 = Debug|Any CPU
		{481E12F7-139B-4E1E-95A2-34A3D1037093}.Release|Any CPU.ActiveCfg = Release|Any CPU
		{481E12F7-139B-4E1E-95A2-34A3D1037093}.Release|Any CPU.Build.0 = Release|Any CPU
		{414E82B5-A4BC-41DD-85CA-3354F74810EE}.Debug|Any CPU.ActiveCfg = Debug|Any CPU
		{414E82B5-A4BC-41DD-85CA-3354F74810EE}.Debug|Any CPU.Build.0 = Debug|Any CPU
		{414E82B5-A4BC-41DD-85CA-3354F74810EE}.Release|Any CPU.ActiveCfg = Release|Any CPU
		{414E82B5-A4BC-41DD-85CA-3354F74810EE}.Release|Any CPU.Build.0 = Release|Any CPU
		{94C596E7-93AF-49FE-8884-BF600F7A7E8D}.Debug|Any CPU.ActiveCfg = Debug|Any CPU
		{94C596E7-93AF-49FE-8884-BF600F7A7E8D}.Debug|Any CPU.Build.0 = Debug|Any CPU
		{94C596E7-93AF-49FE-8884-BF600F7A7E8D}.Release|Any CPU.ActiveCfg = Release|Any CPU
		{94C596E7-93AF-49FE-8884-BF600F7A7E8D}.Release|Any CPU.Build.0 = Release|Any CPU
		{C2107348-95D6-4327-8F34-9BB6DED64D5D}.Debug|Any CPU.ActiveCfg = Debug|Any CPU
		{C2107348-95D6-4327-8F34-9BB6DED64D5D}.Debug|Any CPU.Build.0 = Debug|Any CPU
		{C2107348-95D6-4327-8F34-9BB6DED64D5D}.Release|Any CPU.ActiveCfg = Release|Any CPU
		{C2107348-95D6-4327-8F34-9BB6DED64D5D}.Release|Any CPU.Build.0 = Release|Any CPU
		{C88DD3E0-92D7-49CC-AE3E-3D0DD51C0E51}.Debug|Any CPU.ActiveCfg = Debug|Any CPU
		{C88DD3E0-92D7-49CC-AE3E-3D0DD51C0E51}.Debug|Any CPU.Build.0 = Debug|Any CPU
		{C88DD3E0-92D7-49CC-AE3E-3D0DD51C0E51}.Release|Any CPU.ActiveCfg = Release|Any CPU
		{C88DD3E0-92D7-49CC-AE3E-3D0DD51C0E51}.Release|Any CPU.Build.0 = Release|Any CPU
		{E5BDA857-E699-4B7F-BF44-137713B9BC05}.Debug|Any CPU.ActiveCfg = Debug|Any CPU
		{E5BDA857-E699-4B7F-BF44-137713B9BC05}.Debug|Any CPU.Build.0 = Debug|Any CPU
		{E5BDA857-E699-4B7F-BF44-137713B9BC05}.Release|Any CPU.ActiveCfg = Release|Any CPU
		{E5BDA857-E699-4B7F-BF44-137713B9BC05}.Release|Any CPU.Build.0 = Release|Any CPU
		{D6907026-2D3B-4EB6-ADAA-4C8C9BC01EFC}.Debug|Any CPU.ActiveCfg = Debug|Any CPU
		{D6907026-2D3B-4EB6-ADAA-4C8C9BC01EFC}.Debug|Any CPU.Build.0 = Debug|Any CPU
		{D6907026-2D3B-4EB6-ADAA-4C8C9BC01EFC}.Release|Any CPU.ActiveCfg = Release|Any CPU
		{D6907026-2D3B-4EB6-ADAA-4C8C9BC01EFC}.Release|Any CPU.Build.0 = Release|Any CPU
		{B0D32168-300B-4629-8AB3-F9F49A41341E}.Debug|Any CPU.ActiveCfg = Debug|Any CPU
		{B0D32168-300B-4629-8AB3-F9F49A41341E}.Debug|Any CPU.Build.0 = Debug|Any CPU
		{B0D32168-300B-4629-8AB3-F9F49A41341E}.Release|Any CPU.ActiveCfg = Release|Any CPU
		{B0D32168-300B-4629-8AB3-F9F49A41341E}.Release|Any CPU.Build.0 = Release|Any CPU
		{90EB7615-4447-4755-AA57-75E94EAB810E}.Debug|Any CPU.ActiveCfg = Debug|Any CPU
		{90EB7615-4447-4755-AA57-75E94EAB810E}.Debug|Any CPU.Build.0 = Debug|Any CPU
		{90EB7615-4447-4755-AA57-75E94EAB810E}.Release|Any CPU.ActiveCfg = Release|Any CPU
		{90EB7615-4447-4755-AA57-75E94EAB810E}.Release|Any CPU.Build.0 = Release|Any CPU
		{74C27597-9924-4A45-B5FB-CF8423985800}.Debug|Any CPU.ActiveCfg = Debug|Any CPU
		{74C27597-9924-4A45-B5FB-CF8423985800}.Debug|Any CPU.Build.0 = Debug|Any CPU
		{74C27597-9924-4A45-B5FB-CF8423985800}.Release|Any CPU.ActiveCfg = Release|Any CPU
		{74C27597-9924-4A45-B5FB-CF8423985800}.Release|Any CPU.Build.0 = Release|Any CPU
		{DA03BEAB-075D-450F-99F4-8E717841C7C6}.Debug|Any CPU.ActiveCfg = Debug|Any CPU
		{DA03BEAB-075D-450F-99F4-8E717841C7C6}.Debug|Any CPU.Build.0 = Debug|Any CPU
		{DA03BEAB-075D-450F-99F4-8E717841C7C6}.Release|Any CPU.ActiveCfg = Release|Any CPU
		{DA03BEAB-075D-450F-99F4-8E717841C7C6}.Release|Any CPU.Build.0 = Release|Any CPU
		{1BF85375-2784-4B22-8820-5097EC44FAAD}.Debug|Any CPU.ActiveCfg = Debug|Any CPU
		{1BF85375-2784-4B22-8820-5097EC44FAAD}.Debug|Any CPU.Build.0 = Debug|Any CPU
		{1BF85375-2784-4B22-8820-5097EC44FAAD}.Release|Any CPU.ActiveCfg = Release|Any CPU
		{1BF85375-2784-4B22-8820-5097EC44FAAD}.Release|Any CPU.Build.0 = Release|Any CPU
		{BEDA8A67-53D5-43F2-AC34-A6C3BED85F59}.Debug|Any CPU.ActiveCfg = Debug|Any CPU
		{BEDA8A67-53D5-43F2-AC34-A6C3BED85F59}.Debug|Any CPU.Build.0 = Debug|Any CPU
		{BEDA8A67-53D5-43F2-AC34-A6C3BED85F59}.Release|Any CPU.ActiveCfg = Release|Any CPU
		{BEDA8A67-53D5-43F2-AC34-A6C3BED85F59}.Release|Any CPU.Build.0 = Release|Any CPU
	EndGlobalSection
	GlobalSection(SolutionProperties) = preSolution
		HideSolutionNode = FALSE
	EndGlobalSection
	GlobalSection(NestedProjects) = preSolution
		{9404A7ED-B722-4962-BE9D-79739BCCEF92} = {A862D3E6-6C0D-4AFE-8C28-44544C64EC0B}
		{E7B78DCA-BE31-4F15-9CEE-4BF7E8FC5840} = {A862D3E6-6C0D-4AFE-8C28-44544C64EC0B}
		{A862D3E6-6C0D-4AFE-8C28-44544C64EC0B} = {60A4D560-D2A9-429F-807E-682F2C7FF050}
		{561F039A-0091-449F-959A-AD011B912C22} = {A862D3E6-6C0D-4AFE-8C28-44544C64EC0B}
		{930B73FB-2DA5-41E1-AF82-618D8DE3EEB1} = {A862D3E6-6C0D-4AFE-8C28-44544C64EC0B}
		{563578C2-4FE5-4569-9154-19C437EF61D1} = {A862D3E6-6C0D-4AFE-8C28-44544C64EC0B}
		{63491EE0-A35F-46BA-B5C8-6FA986E32785} = {60A4D560-D2A9-429F-807E-682F2C7FF050}
		{E69566EA-3CCC-4AD0-88AF-28D9DE06EDD7} = {63491EE0-A35F-46BA-B5C8-6FA986E32785}
		{1E3CFEFF-6E8C-430F-BEBE-4254ED08706C} = {63491EE0-A35F-46BA-B5C8-6FA986E32785}
		{4A1FAD51-C127-466A-B2B9-6AC441E54938} = {63491EE0-A35F-46BA-B5C8-6FA986E32785}
		{BC926ED4-DB64-422A-9379-E38CB745471E} = {63491EE0-A35F-46BA-B5C8-6FA986E32785}
		{9883B3D9-F843-42CD-B246-1DD0E79379C7} = {63491EE0-A35F-46BA-B5C8-6FA986E32785}
		{24E0F03D-E5CD-4714-B323-88EE9661D2C4} = {60A4D560-D2A9-429F-807E-682F2C7FF050}
		{4E61F278-ECA9-43C4-A5CD-9DDAD50B858B} = {24E0F03D-E5CD-4714-B323-88EE9661D2C4}
		{8739B651-41A6-4949-8219-31F312476C94} = {24E0F03D-E5CD-4714-B323-88EE9661D2C4}
		{01C53F87-B435-47BE-BF34-85780221B914} = {24E0F03D-E5CD-4714-B323-88EE9661D2C4}
		{07889ED8-94D0-47B4-A855-48A82A2FA6C7} = {60A4D560-D2A9-429F-807E-682F2C7FF050}
		{D14125A0-C80D-4DCC-8552-18FC6C81AF68} = {07889ED8-94D0-47B4-A855-48A82A2FA6C7}
		{757CF799-DC7F-4052-95D8-069E42E4749D} = {07889ED8-94D0-47B4-A855-48A82A2FA6C7}
		{60A4D560-D2A9-429F-807E-682F2C7FF050} = {A245AE21-DAEC-4F6B-A8BE-FF1EAB1C7E1D}
		{15BE27A3-0859-4F6B-B896-F709685A900D} = {07889ED8-94D0-47B4-A855-48A82A2FA6C7}
		{64B87D4A-7F01-4ACF-B2B9-DC1A73779F89} = {07889ED8-94D0-47B4-A855-48A82A2FA6C7}
		{B02D0807-0DA5-4817-9F0D-0F58ABDB8F11} = {07889ED8-94D0-47B4-A855-48A82A2FA6C7}
		{95399525-EA50-44AE-8DB0-64B07A36156E} = {60A4D560-D2A9-429F-807E-682F2C7FF050}
		{D047AD2C-0D76-4FF0-A328-58B063475997} = {95399525-EA50-44AE-8DB0-64B07A36156E}
		{9FC24311-FE76-4017-8652-BAC715CACD39} = {60A4D560-D2A9-429F-807E-682F2C7FF050}
		{EAB3C804-5E4C-47D7-BCA0-00422C328092} = {9FC24311-FE76-4017-8652-BAC715CACD39}
		{0561FFD9-4AEA-4626-9B68-58558AB5077F} = {60A4D560-D2A9-429F-807E-682F2C7FF050}
		{C62DD687-35DA-49C2-8ADE-E7E51803191A} = {AEB50D77-5F3C-48F3-A874-AD81C4285616}
		{95AE288D-0158-4EC2-9CCD-43733B5F0499} = {0561FFD9-4AEA-4626-9B68-58558AB5077F}
		{8F5E77E4-F26B-496B-8E62-01D75C135AB2} = {0561FFD9-4AEA-4626-9B68-58558AB5077F}
		{9BD2D54E-948D-4A0D-9415-BA823444E586} = {FF329A2E-1C64-4BF1-BCDE-D58F8A379C6C}
		{03FFF94E-80ED-4647-B0E6-DF535CB48455} = {60A4D560-D2A9-429F-807E-682F2C7FF050}
		{1F5B9204-39D5-42FB-B06D-F052141BFF9A} = {03FFF94E-80ED-4647-B0E6-DF535CB48455}
		{E412C2AB-FF16-446F-8E88-4BCE52843137} = {60A4D560-D2A9-429F-807E-682F2C7FF050}
		{3E816E5C-7DF8-4C41-AE8D-8B4FCE2C4B54} = {E412C2AB-FF16-446F-8E88-4BCE52843137}
		{DDED32F5-F537-4382-8C66-B460A380CB12} = {60A4D560-D2A9-429F-807E-682F2C7FF050}
		{47AA9907-DF5F-4B7E-B8AA-BF4B56B46DE5} = {DDED32F5-F537-4382-8C66-B460A380CB12}
		{09AD677E-AFF5-4A6E-BF58-4B0ACCFB1FAB} = {A245AE21-DAEC-4F6B-A8BE-FF1EAB1C7E1D}
		{59954D86-7240-4543-AA8D-9D3D6B16A7FD} = {09AD677E-AFF5-4A6E-BF58-4B0ACCFB1FAB}
		{6E58567E-C608-4C9E-B4FE-1E975200586C} = {59954D86-7240-4543-AA8D-9D3D6B16A7FD}
		{F2594B21-7CC2-40C1-A90E-C28CFEB73A6E} = {09AD677E-AFF5-4A6E-BF58-4B0ACCFB1FAB}
		{DBEC4017-5713-44FA-86A9-D887CCDAF4BE} = {F2594B21-7CC2-40C1-A90E-C28CFEB73A6E}
		{3579EB7C-1923-45F4-B308-1C3BB9F378CB} = {09AD677E-AFF5-4A6E-BF58-4B0ACCFB1FAB}
		{69A15C51-D200-4485-8B52-5FFCD238AB1A} = {09AD677E-AFF5-4A6E-BF58-4B0ACCFB1FAB}
		{D79E4324-85B0-4FC4-92D2-73F5145E2CE0} = {69A15C51-D200-4485-8B52-5FFCD238AB1A}
		{CD59C23C-C03F-4BA9-840D-9C9C2FAEC0AA} = {09AD677E-AFF5-4A6E-BF58-4B0ACCFB1FAB}
		{0DA98932-B53F-4823-A65C-12971C08FC37} = {CD59C23C-C03F-4BA9-840D-9C9C2FAEC0AA}
		{652AC6CF-4A39-4335-9558-3061906CBC62} = {09AD677E-AFF5-4A6E-BF58-4B0ACCFB1FAB}
		{324E282C-9D37-426D-93B8-D6C75771818B} = {652AC6CF-4A39-4335-9558-3061906CBC62}
		{66F7B3B0-EF23-4464-8C52-7FACA93D2C98} = {EEC606ED-1D01-4A12-82DC-A3DF47AEB1B8}
		{C2FDDC63-C13E-4390-ABCC-BFA289F8E712} = {09AD677E-AFF5-4A6E-BF58-4B0ACCFB1FAB}
		{481E12F7-139B-4E1E-95A2-34A3D1037093} = {C2FDDC63-C13E-4390-ABCC-BFA289F8E712}
		{CA29034A-26D3-4590-88C9-7110B05FC4D0} = {09AD677E-AFF5-4A6E-BF58-4B0ACCFB1FAB}
		{414E82B5-A4BC-41DD-85CA-3354F74810EE} = {CA29034A-26D3-4590-88C9-7110B05FC4D0}
		{94C596E7-93AF-49FE-8884-BF600F7A7E8D} = {9BD2D54E-948D-4A0D-9415-BA823444E586}
		{C2107348-95D6-4327-8F34-9BB6DED64D5D} = {4FD7996A-3B2F-4D2D-818C-E17ABA352BC7}
		{C88DD3E0-92D7-49CC-AE3E-3D0DD51C0E51} = {4FD7996A-3B2F-4D2D-818C-E17ABA352BC7}
		{E5BDA857-E699-4B7F-BF44-137713B9BC05} = {4FD7996A-3B2F-4D2D-818C-E17ABA352BC7}
		{D6907026-2D3B-4EB6-ADAA-4C8C9BC01EFC} = {4FD7996A-3B2F-4D2D-818C-E17ABA352BC7}
		{B0D32168-300B-4629-8AB3-F9F49A41341E} = {3918E161-5E31-46A6-9881-C71C70F63F22}
		{606A80A5-9396-44D4-BA70-25E8C62B8844} = {09AD677E-AFF5-4A6E-BF58-4B0ACCFB1FAB}
		{90EB7615-4447-4755-AA57-75E94EAB810E} = {606A80A5-9396-44D4-BA70-25E8C62B8844}
		{E6FFFCE2-A1FE-4B0E-BEFB-BDAD2527E5FA} = {09AD677E-AFF5-4A6E-BF58-4B0ACCFB1FAB}
		{3174AA22-0641-495F-A004-29E8589770B0} = {A245AE21-DAEC-4F6B-A8BE-FF1EAB1C7E1D}
		{F920BB39-E5FD-40AB-AA11-A2CBDD691F31} = {3174AA22-0641-495F-A004-29E8589770B0}
		{1B7EB59A-F01B-4B8F-B6F7-248CEA5A392F} = {3174AA22-0641-495F-A004-29E8589770B0}
		{74C27597-9924-4A45-B5FB-CF8423985800} = {1B7EB59A-F01B-4B8F-B6F7-248CEA5A392F}
		{DA03BEAB-075D-450F-99F4-8E717841C7C6} = {3174AA22-0641-495F-A004-29E8589770B0}
		{1BF85375-2784-4B22-8820-5097EC44FAAD} = {1E1B2C69-8139-453C-AC9B-D9375048BB46}
		{6780D760-71DA-441B-88B0-E6BFDC1C5B7D} = {A245AE21-DAEC-4F6B-A8BE-FF1EAB1C7E1D}
		{BEDA8A67-53D5-43F2-AC34-A6C3BED85F59} = {6780D760-71DA-441B-88B0-E6BFDC1C5B7D}
	EndGlobalSection
	GlobalSection(ExtensibilityGlobals) = postSolution
		SolutionGuid = {709702AD-7FDD-4B82-8372-3D5B7CEF8343}
	EndGlobalSection
EndGlobal
